
Microsoft Visual Studio Solution File, Format Version 12.00
# Visual Studio Version 16
VisualStudioVersion = 16.0.30114.105
MinimumVisualStudioVersion = 10.0.40219.1
Project("{FAE04EC0-301F-11D3-BF4B-00C04F79EFBC}") = "Assignment0", "Assignment0\Assignment0.csproj", "{4F36885B-0345-4739-9FF1-D86C343C3313}"
EndProject
Project("{FAE04EC0-301F-11D3-BF4B-00C04F79EFBC}") = "Assignment0.Tests", "Assignment0.Tests\Assignment0.Tests.csproj", "{965F3002-99D3-4DE7-9622-CAD46BFE0D51}"
EndProject
Global
	GlobalSection(SolutionConfigurationPlatforms) = preSolution
		Debug|Any CPU = Debug|Any CPU
		Debug|x64 = Debug|x64
		Debug|x86 = Debug|x86
		Release|Any CPU = Release|Any CPU
		Release|x64 = Release|x64
		Release|x86 = Release|x86
	EndGlobalSection
	GlobalSection(SolutionProperties) = preSolution
		HideSolutionNode = FALSE
	EndGlobalSection
	GlobalSection(ProjectConfigurationPlatforms) = postSolution
		{4F36885B-0345-4739-9FF1-D86C343C3313}.Debug|Any CPU.ActiveCfg = Debug|Any CPU
		{4F36885B-0345-4739-9FF1-D86C343C3313}.Debug|Any CPU.Build.0 = Debug|Any CPU
		{4F36885B-0345-4739-9FF1-D86C343C3313}.Debug|x64.ActiveCfg = Debug|Any CPU
		{4F36885B-0345-4739-9FF1-D86C343C3313}.Debug|x64.Build.0 = Debug|Any CPU
		{4F36885B-0345-4739-9FF1-D86C343C3313}.Debug|x86.ActiveCfg = Debug|Any CPU
		{4F36885B-0345-4739-9FF1-D86C343C3313}.Debug|x86.Build.0 = Debug|Any CPU
		{4F36885B-0345-4739-9FF1-D86C343C3313}.Release|Any CPU.ActiveCfg = Release|Any CPU
		{4F36885B-0345-4739-9FF1-D86C343C3313}.Release|Any CPU.Build.0 = Release|Any CPU
		{4F36885B-0345-4739-9FF1-D86C343C3313}.Release|x64.ActiveCfg = Release|Any CPU
		{4F36885B-0345-4739-9FF1-D86C343C3313}.Release|x64.Build.0 = Release|Any CPU
		{4F36885B-0345-4739-9FF1-D86C343C3313}.Release|x86.ActiveCfg = Release|Any CPU
		{4F36885B-0345-4739-9FF1-D86C343C3313}.Release|x86.Build.0 = Release|Any CPU
		{965F3002-99D3-4DE7-9622-CAD46BFE0D51}.Debug|Any CPU.ActiveCfg = Debug|Any CPU
		{965F3002-99D3-4DE7-9622-CAD46BFE0D51}.Debug|Any CPU.Build.0 = Debug|Any CPU
		{965F3002-99D3-4DE7-9622-CAD46BFE0D51}.Debug|x64.ActiveCfg = Debug|Any CPU
		{965F3002-99D3-4DE7-9622-CAD46BFE0D51}.Debug|x64.Build.0 = Debug|Any CPU
		{965F3002-99D3-4DE7-9622-CAD46BFE0D51}.Debug|x86.ActiveCfg = Debug|Any CPU
		{965F3002-99D3-4DE7-9622-CAD46BFE0D51}.Debug|x86.Build.0 = Debug|Any CPU
		{965F3002-99D3-4DE7-9622-CAD46BFE0D51}.Release|Any CPU.ActiveCfg = Release|Any CPU
		{965F3002-99D3-4DE7-9622-CAD46BFE0D51}.Release|Any CPU.Build.0 = Release|Any CPU
		{965F3002-99D3-4DE7-9622-CAD46BFE0D51}.Release|x64.ActiveCfg = Release|Any CPU
		{965F3002-99D3-4DE7-9622-CAD46BFE0D51}.Release|x64.Build.0 = Release|Any CPU
		{965F3002-99D3-4DE7-9622-CAD46BFE0D51}.Release|x86.ActiveCfg = Release|Any CPU
		{965F3002-99D3-4DE7-9622-CAD46BFE0D51}.Release|x86.Build.0 = Release|Any CPU
	EndGlobalSection
EndGlobal
